# Generated by buf. DO NOT EDIT.
version: v1
deps:
  - remote: buf.build
    owner: efertone
    repository: k8s
    commit: a60ae82deadc42c1b5043f4018bf6837
  - remote: buf.build
    owner: googleapis
    repository: googleapis
    commit: 8ad55bd99d8b482481f15c891f5cf240
  - remote: buf.build
    owner: grpc-ecosystem
    repository: grpc-gateway
    commit: c4ed84978f4845e8940539d492ccbb5e
